
Microsoft Visual Studio Solution File, Format Version 12.00
Project("{FAE04EC0-301F-11D3-BF4B-00C04F79EFBC}") = "IssueTracker.Api", "src\IssueTracker.Api\IssueTracker.Api.csproj", "{C44DE054-C9C3-4813-AA71-9A4E361B11FA}"
EndProject
Project("{FAE04EC0-301F-11D3-BF4B-00C04F79EFBC}") = "IssueTracker.Core", "src\IssueTracker.Core\IssueTracker.Core.csproj", "{798C0770-EBEC-4502-A817-8ED87DCC8E53}"
EndProject
Project("{FAE04EC0-301F-11D3-BF4B-00C04F79EFBC}") = "IssueTracker.CQRS", "src\IssueTracker.CQRS\IssueTracker.CQRS.csproj", "{04D4A4BF-229D-41F3-BDC0-B6EEFA310016}"
EndProject
Global
	GlobalSection(SolutionConfigurationPlatforms) = preSolution
		Debug|Any CPU = Debug|Any CPU
		Release|Any CPU = Release|Any CPU
	EndGlobalSection
	GlobalSection(ProjectConfigurationPlatforms) = postSolution
		{C44DE054-C9C3-4813-AA71-9A4E361B11FA}.Debug|Any CPU.ActiveCfg = Debug|Any CPU
		{C44DE054-C9C3-4813-AA71-9A4E361B11FA}.Debug|Any CPU.Build.0 = Debug|Any CPU
		{C44DE054-C9C3-4813-AA71-9A4E361B11FA}.Release|Any CPU.ActiveCfg = Release|Any CPU
		{C44DE054-C9C3-4813-AA71-9A4E361B11FA}.Release|Any CPU.Build.0 = Release|Any CPU
		{798C0770-EBEC-4502-A817-8ED87DCC8E53}.Debug|Any CPU.ActiveCfg = Debug|Any CPU
		{798C0770-EBEC-4502-A817-8ED87DCC8E53}.Debug|Any CPU.Build.0 = Debug|Any CPU
		{798C0770-EBEC-4502-A817-8ED87DCC8E53}.Release|Any CPU.ActiveCfg = Release|Any CPU
		{798C0770-EBEC-4502-A817-8ED87DCC8E53}.Release|Any CPU.Build.0 = Release|Any CPU
		{04D4A4BF-229D-41F3-BDC0-B6EEFA310016}.Debug|Any CPU.ActiveCfg = Debug|Any CPU
		{04D4A4BF-229D-41F3-BDC0-B6EEFA310016}.Debug|Any CPU.Build.0 = Debug|Any CPU
		{04D4A4BF-229D-41F3-BDC0-B6EEFA310016}.Release|Any CPU.ActiveCfg = Release|Any CPU
		{04D4A4BF-229D-41F3-BDC0-B6EEFA310016}.Release|Any CPU.Build.0 = Release|Any CPU
	EndGlobalSection
EndGlobal
